
Microsoft Visual Studio Solution File, Format Version 12.00
# Visual Studio Version 16
VisualStudioVersion = 16.0.29519.181
MinimumVisualStudioVersion = 10.0.40219.1
Project("{2150E333-8FDC-42A3-9474-1A3956D46DE8}") = "Solution Items", "Solution Items", "{C936187E-7DA2-4E0E-B1C4-6CEFA1715CEE}"
	ProjectSection(SolutionItems) = preProject
		Performance1.psess = Performance1.psess
	EndProjectSection
EndProject
Project("{FAE04EC0-301F-11D3-BF4B-00C04F79EFBC}") = "Ks.Batch.Caja.Out", "Ks.Batch.Caja.Out\Ks.Batch.Caja.Out.csproj", "{BEE0B207-38D8-45E6-9722-4099CB0E825F}"
EndProject
Project("{FAE04EC0-301F-11D3-BF4B-00C04F79EFBC}") = "Ks.Batch.Util", "Ks.Batch.Util\Ks.Batch.Util.csproj", "{BB41FD37-76E8-47C8-9E72-062F5743316B}"
EndProject
Project("{FAE04EC0-301F-11D3-BF4B-00C04F79EFBC}") = "Ks.Batch.Copere.Out", "Ks.Batch.Copere.Out\Ks.Batch.Copere.Out.csproj", "{FA3521DA-1CA4-46F5-BAF6-AD7DEE285782}"
EndProject
Project("{FAE04EC0-301F-11D3-BF4B-00C04F79EFBC}") = "Ks.Batch.Caja.In", "Ks.Batch.Caja.In\Ks.Batch.Caja.In.csproj", "{F520B72B-5FFC-409B-8C96-E2E933F35F00}"
EndProject
Project("{FAE04EC0-301F-11D3-BF4B-00C04F79EFBC}") = "Ks.Batch.Copere.In", "Ks.Batch.Copere.In\Ks.Batch.Copere.In.csproj", "{3EAF773E-79BF-47D6-858A-3E9CFB2AAA61}"
EndProject
Project("{FAE04EC0-301F-11D3-BF4B-00C04F79EFBC}") = "Ks.Batch.Merge", "Ks.Batch.Merge\Ks.Batch.Merge.csproj", "{95FDCDCC-E857-486A-B17C-0777FF993B47}"
EndProject
Project("{FAE04EC0-301F-11D3-BF4B-00C04F79EFBC}") = "Ks.Batch.Reverse", "Ks.Batch.Reverse\Ks.Batch.Reverse.csproj", "{488806E4-CF6C-4BD5-8C61-FD26C21C9450}"
EndProject
Project("{FAE04EC0-301F-11D3-BF4B-00C04F79EFBC}") = "Ks.Batch.Printer", "Ks.Batch.Printer\Ks.Batch.Printer.csproj", "{D15492A1-7257-4F7A-A66C-AFC004F5A96E}"
EndProject
Global
	GlobalSection(SolutionConfigurationPlatforms) = preSolution
		Debug|Any CPU = Debug|Any CPU
		Release|Any CPU = Release|Any CPU
	EndGlobalSection
	GlobalSection(ProjectConfigurationPlatforms) = postSolution
		{BEE0B207-38D8-45E6-9722-4099CB0E825F}.Debug|Any CPU.ActiveCfg = Debug|Any CPU
		{BEE0B207-38D8-45E6-9722-4099CB0E825F}.Debug|Any CPU.Build.0 = Debug|Any CPU
		{BEE0B207-38D8-45E6-9722-4099CB0E825F}.Release|Any CPU.ActiveCfg = Release|Any CPU
		{BEE0B207-38D8-45E6-9722-4099CB0E825F}.Release|Any CPU.Build.0 = Release|Any CPU
		{BB41FD37-76E8-47C8-9E72-062F5743316B}.Debug|Any CPU.ActiveCfg = Debug|Any CPU
		{BB41FD37-76E8-47C8-9E72-062F5743316B}.Debug|Any CPU.Build.0 = Debug|Any CPU
		{BB41FD37-76E8-47C8-9E72-062F5743316B}.Release|Any CPU.ActiveCfg = Release|Any CPU
		{BB41FD37-76E8-47C8-9E72-062F5743316B}.Release|Any CPU.Build.0 = Release|Any CPU
		{FA3521DA-1CA4-46F5-BAF6-AD7DEE285782}.Debug|Any CPU.ActiveCfg = Debug|Any CPU
		{FA3521DA-1CA4-46F5-BAF6-AD7DEE285782}.Debug|Any CPU.Build.0 = Debug|Any CPU
		{FA3521DA-1CA4-46F5-BAF6-AD7DEE285782}.Release|Any CPU.ActiveCfg = Release|Any CPU
		{FA3521DA-1CA4-46F5-BAF6-AD7DEE285782}.Release|Any CPU.Build.0 = Release|Any CPU
		{F520B72B-5FFC-409B-8C96-E2E933F35F00}.Debug|Any CPU.ActiveCfg = Debug|Any CPU
		{F520B72B-5FFC-409B-8C96-E2E933F35F00}.Debug|Any CPU.Build.0 = Debug|Any CPU
		{F520B72B-5FFC-409B-8C96-E2E933F35F00}.Release|Any CPU.ActiveCfg = Release|Any CPU
		{F520B72B-5FFC-409B-8C96-E2E933F35F00}.Release|Any CPU.Build.0 = Release|Any CPU
		{3EAF773E-79BF-47D6-858A-3E9CFB2AAA61}.Debug|Any CPU.ActiveCfg = Debug|Any CPU
		{3EAF773E-79BF-47D6-858A-3E9CFB2AAA61}.Debug|Any CPU.Build.0 = Debug|Any CPU
		{3EAF773E-79BF-47D6-858A-3E9CFB2AAA61}.Release|Any CPU.ActiveCfg = Release|Any CPU
		{3EAF773E-79BF-47D6-858A-3E9CFB2AAA61}.Release|Any CPU.Build.0 = Release|Any CPU
		{95FDCDCC-E857-486A-B17C-0777FF993B47}.Debug|Any CPU.ActiveCfg = Debug|Any CPU
		{95FDCDCC-E857-486A-B17C-0777FF993B47}.Debug|Any CPU.Build.0 = Debug|Any CPU
		{95FDCDCC-E857-486A-B17C-0777FF993B47}.Release|Any CPU.ActiveCfg = Release|Any CPU
		{95FDCDCC-E857-486A-B17C-0777FF993B47}.Release|Any CPU.Build.0 = Release|Any CPU
		{488806E4-CF6C-4BD5-8C61-FD26C21C9450}.Debug|Any CPU.ActiveCfg = Debug|Any CPU
		{488806E4-CF6C-4BD5-8C61-FD26C21C9450}.Debug|Any CPU.Build.0 = Debug|Any CPU
		{488806E4-CF6C-4BD5-8C61-FD26C21C9450}.Release|Any CPU.ActiveCfg = Release|Any CPU
		{488806E4-CF6C-4BD5-8C61-FD26C21C9450}.Release|Any CPU.Build.0 = Release|Any CPU
		{D15492A1-7257-4F7A-A66C-AFC004F5A96E}.Debug|Any CPU.ActiveCfg = Debug|Any CPU
		{D15492A1-7257-4F7A-A66C-AFC004F5A96E}.Debug|Any CPU.Build.0 = Debug|Any CPU
		{D15492A1-7257-4F7A-A66C-AFC004F5A96E}.Release|Any CPU.ActiveCfg = Release|Any CPU
		{D15492A1-7257-4F7A-A66C-AFC004F5A96E}.Release|Any CPU.Build.0 = Release|Any CPU
	EndGlobalSection
	GlobalSection(SolutionProperties) = preSolution
		HideSolutionNode = FALSE
	EndGlobalSection
	GlobalSection(ExtensibilityGlobals) = postSolution
		SolutionGuid = {DEFFF6F2-517F-4F41-90FB-11D4DE4E5930}
	EndGlobalSection
EndGlobal
